
Microsoft Visual Studio Solution File, Format Version 12.00
# Visual Studio Version 17
VisualStudioVersion = 17.2.32526.322
MinimumVisualStudioVersion = 10.0.40219.1
Project("{FAE04EC0-301F-11D3-BF4B-00C04F79EFBC}") = "ConsoleApp13", "ConsoleApp13.csproj", "{C8C9DEFE-61AF-44B6-AF38-1A7FDF9C681C}"
EndProject
Global
	GlobalSection(SolutionConfigurationPlatforms) = preSolution
		Debug|Any CPU = Debug|Any CPU
		Release|Any CPU = Release|Any CPU
	EndGlobalSection
	GlobalSection(ProjectConfigurationPlatforms) = postSolution
		{C8C9DEFE-61AF-44B6-AF38-1A7FDF9C681C}.Debug|Any CPU.ActiveCfg = Debug|Any CPU
		{C8C9DEFE-61AF-44B6-AF38-1A7FDF9C681C}.Debug|Any CPU.Build.0 = Debug|Any CPU
		{C8C9DEFE-61AF-44B6-AF38-1A7FDF9C681C}.Release|Any CPU.ActiveCfg = Release|Any CPU
		{C8C9DEFE-61AF-44B6-AF38-1A7FDF9C681C}.Release|Any CPU.Build.0 = Release|Any CPU
	EndGlobalSection
	GlobalSection(SolutionProperties) = preSolution
		HideSolutionNode = FALSE
	EndGlobalSection
	GlobalSection(ExtensibilityGlobals) = postSolution
		SolutionGuid = {959AA97A-5071-4216-B3F3-FB87193E01E0}
	EndGlobalSection
EndGlobal
